
Microsoft Visual Studio Solution File, Format Version 12.00
# Visual Studio Version 16
VisualStudioVersion = 16.0.31515.178
MinimumVisualStudioVersion = 10.0.40219.1
Project("{FAE04EC0-301F-11D3-BF4B-00C04F79EFBC}") = "PaymentAPI", "PaymentAPI\PaymentAPI.csproj", "{C5100850-77AF-43A4-950B-7E4FF2F2CD1F}"
EndProject
Global
	GlobalSection(SolutionConfigurationPlatforms) = preSolution
		Debug|Any CPU = Debug|Any CPU
		Release|Any CPU = Release|Any CPU
	EndGlobalSection
	GlobalSection(ProjectConfigurationPlatforms) = postSolution
		{C5100850-77AF-43A4-950B-7E4FF2F2CD1F}.Debug|Any CPU.ActiveCfg = Debug|Any CPU
		{C5100850-77AF-43A4-950B-7E4FF2F2CD1F}.Debug|Any CPU.Build.0 = Debug|Any CPU
		{C5100850-77AF-43A4-950B-7E4FF2F2CD1F}.Release|Any CPU.ActiveCfg = Release|Any CPU
		{C5100850-77AF-43A4-950B-7E4FF2F2CD1F}.Release|Any CPU.Build.0 = Release|Any CPU
	EndGlobalSection
	GlobalSection(SolutionProperties) = preSolution
		HideSolutionNode = FALSE
	EndGlobalSection
	GlobalSection(ExtensibilityGlobals) = postSolution
		SolutionGuid = {AB86C940-340E-45A7-9B2D-3BC17D00B73D}
	EndGlobalSection
EndGlobal
